// !$*UTF8*$!
{
	archiveVersion = 1;
	classes = {
	};
	objectVersion = 51;
	objects = {

/* Begin PBXBuildFile section */
		18EF67A20277B4EF3F8ECAF6 /* Pods_FireBase_Demo.framework in Frameworks */ = {isa = PBXBuildFile; fileRef = 841517B938E1691D40DCD35F /* Pods_FireBase_Demo.framework */; };
		46220D801D72138DF50D7121 /* Pods_FireBase_DemoTests.framework in Frameworks */ = {isa = PBXBuildFile; fileRef = 9339637E051E06CF6B3C94A9 /* Pods_FireBase_DemoTests.framework */; };
		4B8C8AAFB816DC93A788C28D /* Pods_FireBase_Demo_FireBase_DemoUITests.framework in Frameworks */ = {isa = PBXBuildFile; fileRef = 8AF6CE070E59AB6744A25C64 /* Pods_FireBase_Demo_FireBase_DemoUITests.framework */; };
		ED05C1F12A6A84DF00516259 /* HomeScreenViewController.swift in Sources */ = {isa = PBXBuildFile; fileRef = ED05C1F02A6A84DF00516259 /* HomeScreenViewController.swift */; };
		ED05C1F92A6A8AAF00516259 /* GoogleService-Info.plist in Resources */ = {isa = PBXBuildFile; fileRef = ED05C1F82A6A8AAF00516259 /* GoogleService-Info.plist */; };
		ED0C53DF2A67E4020067C1A7 /* AppDelegate.swift in Sources */ = {isa = PBXBuildFile; fileRef = ED0C53DE2A67E4020067C1A7 /* AppDelegate.swift */; };
		ED0C53E12A67E4020067C1A7 /* SceneDelegate.swift in Sources */ = {isa = PBXBuildFile; fileRef = ED0C53E02A67E4020067C1A7 /* SceneDelegate.swift */; };
		ED0C53E32A67E4020067C1A7 /* ViewController.swift in Sources */ = {isa = PBXBuildFile; fileRef = ED0C53E22A67E4020067C1A7 /* ViewController.swift */; };
		ED0C53E62A67E4020067C1A7 /* Main.storyboard in Resources */ = {isa = PBXBuildFile; fileRef = ED0C53E42A67E4020067C1A7 /* Main.storyboard */; };
		ED0C53E82A67E4030067C1A7 /* Assets.xcassets in Resources */ = {isa = PBXBuildFile; fileRef = ED0C53E72A67E4030067C1A7 /* Assets.xcassets */; };
		ED0C53EB2A67E4030067C1A7 /* LaunchScreen.storyboard in Resources */ = {isa = PBXBuildFile; fileRef = ED0C53E92A67E4030067C1A7 /* LaunchScreen.storyboard */; };
		ED0C53F62A67E4030067C1A7 /* FireBase_DemoTests.swift in Sources */ = {isa = PBXBuildFile; fileRef = ED0C53F52A67E4030067C1A7 /* FireBase_DemoTests.swift */; };
		ED0C54012A67E4030067C1A7 /* FireBase_DemoUITests.swift in Sources */ = {isa = PBXBuildFile; fileRef = ED0C54002A67E4030067C1A7 /* FireBase_DemoUITests.swift */; };
		ED0C54142A67E4CF0067C1A7 /* Constants.swift in Sources */ = {isa = PBXBuildFile; fileRef = ED0C54132A67E4CF0067C1A7 /* Constants.swift */; };
		ED0C541A2A67E4F90067C1A7 /* View Model.swift in Sources */ = {isa = PBXBuildFile; fileRef = ED0C54192A67E4F90067C1A7 /* View Model.swift */; };
		ED384B342A67E64C0003A9BC /* MapViewController.swift in Sources */ = {isa = PBXBuildFile; fileRef = ED384B332A67E64C0003A9BC /* MapViewController.swift */; };
		ED384B392A67E6730003A9BC /* SignInViewController.swift in Sources */ = {isa = PBXBuildFile; fileRef = ED384B382A67E6730003A9BC /* SignInViewController.swift */; };
		ED384B3E2A67E6A30003A9BC /* UserListViewController.swift in Sources */ = {isa = PBXBuildFile; fileRef = ED384B3D2A67E6A30003A9BC /* UserListViewController.swift */; };
		ED384B462A67E6DC0003A9BC /* UserListTableViewCell.swift in Sources */ = {isa = PBXBuildFile; fileRef = ED384B442A67E6DC0003A9BC /* UserListTableViewCell.swift */; };
		ED384B472A67E6DC0003A9BC /* UserListTableViewCell.xib in Resources */ = {isa = PBXBuildFile; fileRef = ED384B452A67E6DC0003A9BC /* UserListTableViewCell.xib */; };
		ED384B4F2A67E77A0003A9BC /* UserDetailsViewController.swift in Sources */ = {isa = PBXBuildFile; fileRef = ED384B4E2A67E77A0003A9BC /* UserDetailsViewController.swift */; };
		ED61617A2A6A44F300C27563 /* DataModel.swift in Sources */ = {isa = PBXBuildFile; fileRef = ED6161792A6A44F300C27563 /* DataModel.swift */; };
		EDB6CDE32A68FE9000B9BF47 /* File.swift in Sources */ = {isa = PBXBuildFile; fileRef = EDB6CDE22A68FE9000B9BF47 /* File.swift */; };
		EDC024212A6AA5B800E756F9 /* Extention.swift in Sources */ = {isa = PBXBuildFile; fileRef = EDC024202A6AA5B800E756F9 /* Extention.swift */; };
/* End PBXBuildFile section */

/* Begin PBXContainerItemProxy section */
		ED0C53F22A67E4030067C1A7 /* PBXContainerItemProxy */ = {
			isa = PBXContainerItemProxy;
			containerPortal = ED0C53D32A67E4020067C1A7 /* Project object */;
			proxyType = 1;
			remoteGlobalIDString = ED0C53DA2A67E4020067C1A7;
			remoteInfo = "FireBase Demo";
		};
		ED0C53FD2A67E4030067C1A7 /* PBXContainerItemProxy */ = {
			isa = PBXContainerItemProxy;
			containerPortal = ED0C53D32A67E4020067C1A7 /* Project object */;
			proxyType = 1;
			remoteGlobalIDString = ED0C53DA2A67E4020067C1A7;
			remoteInfo = "FireBase Demo";
		};
/* End PBXContainerItemProxy section */

/* Begin PBXFileReference section */
		0350725821CCC9A9146432FF /* Pods-FireBase Demo-FireBase DemoUITests.debug.xcconfig */ = {isa = PBXFileReference; includeInIndex = 1; lastKnownFileType = text.xcconfig; name = "Pods-FireBase Demo-FireBase DemoUITests.debug.xcconfig"; path = "Target Support Files/Pods-FireBase Demo-FireBase DemoUITests/Pods-FireBase Demo-FireBase DemoUITests.debug.xcconfig"; sourceTree = "<group>"; };
		1BE5AC809EA3905377CB28CD /* Pods-FireBase Demo.debug.xcconfig */ = {isa = PBXFileReference; includeInIndex = 1; lastKnownFileType = text.xcconfig; name = "Pods-FireBase Demo.debug.xcconfig"; path = "Target Support Files/Pods-FireBase Demo/Pods-FireBase Demo.debug.xcconfig"; sourceTree = "<group>"; };
		2BA20CD5860A1CCD85874BCE /* Pods-FireBase DemoTests.release.xcconfig */ = {isa = PBXFileReference; includeInIndex = 1; lastKnownFileType = text.xcconfig; name = "Pods-FireBase DemoTests.release.xcconfig"; path = "Target Support Files/Pods-FireBase DemoTests/Pods-FireBase DemoTests.release.xcconfig"; sourceTree = "<group>"; };
		530AB13643D339929E1AEF31 /* Pods-FireBase DemoTests.debug.xcconfig */ = {isa = PBXFileReference; includeInIndex = 1; lastKnownFileType = text.xcconfig; name = "Pods-FireBase DemoTests.debug.xcconfig"; path = "Target Support Files/Pods-FireBase DemoTests/Pods-FireBase DemoTests.debug.xcconfig"; sourceTree = "<group>"; };
		68CE48D751E567A8E608979D /* Pods-FireBase Demo.release.xcconfig */ = {isa = PBXFileReference; includeInIndex = 1; lastKnownFileType = text.xcconfig; name = "Pods-FireBase Demo.release.xcconfig"; path = "Target Support Files/Pods-FireBase Demo/Pods-FireBase Demo.release.xcconfig"; sourceTree = "<group>"; };
		841517B938E1691D40DCD35F /* Pods_FireBase_Demo.framework */ = {isa = PBXFileReference; explicitFileType = wrapper.framework; includeInIndex = 0; path = Pods_FireBase_Demo.framework; sourceTree = BUILT_PRODUCTS_DIR; };
		8AF6CE070E59AB6744A25C64 /* Pods_FireBase_Demo_FireBase_DemoUITests.framework */ = {isa = PBXFileReference; explicitFileType = wrapper.framework; includeInIndex = 0; path = Pods_FireBase_Demo_FireBase_DemoUITests.framework; sourceTree = BUILT_PRODUCTS_DIR; };
		9339637E051E06CF6B3C94A9 /* Pods_FireBase_DemoTests.framework */ = {isa = PBXFileReference; explicitFileType = wrapper.framework; includeInIndex = 0; path = Pods_FireBase_DemoTests.framework; sourceTree = BUILT_PRODUCTS_DIR; };
		ED05C1F02A6A84DF00516259 /* HomeScreenViewController.swift */ = {isa = PBXFileReference; lastKnownFileType = sourcecode.swift; path = HomeScreenViewController.swift; sourceTree = "<group>"; };
		ED05C1F82A6A8AAF00516259 /* GoogleService-Info.plist */ = {isa = PBXFileReference; fileEncoding = 4; lastKnownFileType = text.plist.xml; path = "GoogleService-Info.plist"; sourceTree = "<group>"; };
		ED0C53DB2A67E4020067C1A7 /* FireBase Demo.app */ = {isa = PBXFileReference; explicitFileType = wrapper.application; includeInIndex = 0; path = "FireBase Demo.app"; sourceTree = BUILT_PRODUCTS_DIR; };
		ED0C53DE2A67E4020067C1A7 /* AppDelegate.swift */ = {isa = PBXFileReference; lastKnownFileType = sourcecode.swift; path = AppDelegate.swift; sourceTree = "<group>"; };
		ED0C53E02A67E4020067C1A7 /* SceneDelegate.swift */ = {isa = PBXFileReference; lastKnownFileType = sourcecode.swift; path = SceneDelegate.swift; sourceTree = "<group>"; };
		ED0C53E22A67E4020067C1A7 /* ViewController.swift */ = {isa = PBXFileReference; lastKnownFileType = sourcecode.swift; path = ViewController.swift; sourceTree = "<group>"; };
		ED0C53E52A67E4020067C1A7 /* Base */ = {isa = PBXFileReference; lastKnownFileType = file.storyboard; name = Base; path = Base.lproj/Main.storyboard; sourceTree = "<group>"; };
		ED0C53E72A67E4030067C1A7 /* Assets.xcassets */ = {isa = PBXFileReference; lastKnownFileType = folder.assetcatalog; path = Assets.xcassets; sourceTree = "<group>"; };
		ED0C53EA2A67E4030067C1A7 /* Base */ = {isa = PBXFileReference; lastKnownFileType = file.storyboard; name = Base; path = Base.lproj/LaunchScreen.storyboard; sourceTree = "<group>"; };
		ED0C53EC2A67E4030067C1A7 /* Info.plist */ = {isa = PBXFileReference; lastKnownFileType = text.plist.xml; path = Info.plist; sourceTree = "<group>"; };
		ED0C53F12A67E4030067C1A7 /* FireBase DemoTests.xctest */ = {isa = PBXFileReference; explicitFileType = wrapper.cfbundle; includeInIndex = 0; path = "FireBase DemoTests.xctest"; sourceTree = BUILT_PRODUCTS_DIR; };
		ED0C53F52A67E4030067C1A7 /* FireBase_DemoTests.swift */ = {isa = PBXFileReference; lastKnownFileType = sourcecode.swift; path = FireBase_DemoTests.swift; sourceTree = "<group>"; };
		ED0C53F72A67E4030067C1A7 /* Info.plist */ = {isa = PBXFileReference; lastKnownFileType = text.plist.xml; path = Info.plist; sourceTree = "<group>"; };
		ED0C53FC2A67E4030067C1A7 /* FireBase DemoUITests.xctest */ = {isa = PBXFileReference; explicitFileType = wrapper.cfbundle; includeInIndex = 0; path = "FireBase DemoUITests.xctest"; sourceTree = BUILT_PRODUCTS_DIR; };
		ED0C54002A67E4030067C1A7 /* FireBase_DemoUITests.swift */ = {isa = PBXFileReference; lastKnownFileType = sourcecode.swift; path = FireBase_DemoUITests.swift; sourceTree = "<group>"; };
		ED0C54022A67E4030067C1A7 /* Info.plist */ = {isa = PBXFileReference; lastKnownFileType = text.plist.xml; path = Info.plist; sourceTree = "<group>"; };
		ED0C54132A67E4CF0067C1A7 /* Constants.swift */ = {isa = PBXFileReference; lastKnownFileType = sourcecode.swift; path = Constants.swift; sourceTree = "<group>"; };
		ED0C54192A67E4F90067C1A7 /* View Model.swift */ = {isa = PBXFileReference; lastKnownFileType = sourcecode.swift; path = "View Model.swift"; sourceTree = "<group>"; };
		ED384B332A67E64C0003A9BC /* MapViewController.swift */ = {isa = PBXFileReference; lastKnownFileType = sourcecode.swift; path = MapViewController.swift; sourceTree = "<group>"; };
		ED384B382A67E6730003A9BC /* SignInViewController.swift */ = {isa = PBXFileReference; lastKnownFileType = sourcecode.swift; path = SignInViewController.swift; sourceTree = "<group>"; };
		ED384B3D2A67E6A30003A9BC /* UserListViewController.swift */ = {isa = PBXFileReference; lastKnownFileType = sourcecode.swift; path = UserListViewController.swift; sourceTree = "<group>"; };
		ED384B442A67E6DC0003A9BC /* UserListTableViewCell.swift */ = {isa = PBXFileReference; lastKnownFileType = sourcecode.swift; path = UserListTableViewCell.swift; sourceTree = "<group>"; };
		ED384B452A67E6DC0003A9BC /* UserListTableViewCell.xib */ = {isa = PBXFileReference; lastKnownFileType = file.xib; path = UserListTableViewCell.xib; sourceTree = "<group>"; };
		ED384B4E2A67E77A0003A9BC /* UserDetailsViewController.swift */ = {isa = PBXFileReference; lastKnownFileType = sourcecode.swift; path = UserDetailsViewController.swift; sourceTree = "<group>"; };
		ED6161792A6A44F300C27563 /* DataModel.swift */ = {isa = PBXFileReference; lastKnownFileType = sourcecode.swift; path = DataModel.swift; sourceTree = "<group>"; };
		EDB6CDE22A68FE9000B9BF47 /* File.swift */ = {isa = PBXFileReference; lastKnownFileType = sourcecode.swift; path = File.swift; sourceTree = "<group>"; };
		EDC024202A6AA5B800E756F9 /* Extention.swift */ = {isa = PBXFileReference; lastKnownFileType = sourcecode.swift; path = Extention.swift; sourceTree = "<group>"; };
		F54418E28F41ABF3A33B68E1 /* Pods-FireBase Demo-FireBase DemoUITests.release.xcconfig */ = {isa = PBXFileReference; includeInIndex = 1; lastKnownFileType = text.xcconfig; name = "Pods-FireBase Demo-FireBase DemoUITests.release.xcconfig"; path = "Target Support Files/Pods-FireBase Demo-FireBase DemoUITests/Pods-FireBase Demo-FireBase DemoUITests.release.xcconfig"; sourceTree = "<group>"; };
/* End PBXFileReference section */

/* Begin PBXFrameworksBuildPhase section */
		ED0C53D82A67E4020067C1A7 /* Frameworks */ = {
			isa = PBXFrameworksBuildPhase;
			buildActionMask = 2147483647;
			files = (
				18EF67A20277B4EF3F8ECAF6 /* Pods_FireBase_Demo.framework in Frameworks */,
			);
			runOnlyForDeploymentPostprocessing = 0;
		};
		ED0C53EE2A67E4030067C1A7 /* Frameworks */ = {
			isa = PBXFrameworksBuildPhase;
			buildActionMask = 2147483647;
			files = (
				46220D801D72138DF50D7121 /* Pods_FireBase_DemoTests.framework in Frameworks */,
			);
			runOnlyForDeploymentPostprocessing = 0;
		};
		ED0C53F92A67E4030067C1A7 /* Frameworks */ = {
			isa = PBXFrameworksBuildPhase;
			buildActionMask = 2147483647;
			files = (
				4B8C8AAFB816DC93A788C28D /* Pods_FireBase_Demo_FireBase_DemoUITests.framework in Frameworks */,
			);
			runOnlyForDeploymentPostprocessing = 0;
		};
/* End PBXFrameworksBuildPhase section */

/* Begin PBXGroup section */
		95D492928F9E9A2AFB39F246 /* Pods */ = {
			isa = PBXGroup;
			children = (
				1BE5AC809EA3905377CB28CD /* Pods-FireBase Demo.debug.xcconfig */,
				68CE48D751E567A8E608979D /* Pods-FireBase Demo.release.xcconfig */,
				0350725821CCC9A9146432FF /* Pods-FireBase Demo-FireBase DemoUITests.debug.xcconfig */,
				F54418E28F41ABF3A33B68E1 /* Pods-FireBase Demo-FireBase DemoUITests.release.xcconfig */,
				530AB13643D339929E1AEF31 /* Pods-FireBase DemoTests.debug.xcconfig */,
				2BA20CD5860A1CCD85874BCE /* Pods-FireBase DemoTests.release.xcconfig */,
			);
			path = Pods;
			sourceTree = "<group>";
		};
		A9BB30F2D5042FA11EC3AF5B /* Frameworks */ = {
			isa = PBXGroup;
			children = (
				841517B938E1691D40DCD35F /* Pods_FireBase_Demo.framework */,
				8AF6CE070E59AB6744A25C64 /* Pods_FireBase_Demo_FireBase_DemoUITests.framework */,
				9339637E051E06CF6B3C94A9 /* Pods_FireBase_DemoTests.framework */,
			);
			name = Frameworks;
			sourceTree = "<group>";
		};
		ED0C53D22A67E4020067C1A7 = {
			isa = PBXGroup;
			children = (
				ED0C53DD2A67E4020067C1A7 /* FireBase Demo */,
				ED0C53F42A67E4030067C1A7 /* FireBase DemoTests */,
				ED0C53FF2A67E4030067C1A7 /* FireBase DemoUITests */,
				ED0C53DC2A67E4020067C1A7 /* Products */,
				95D492928F9E9A2AFB39F246 /* Pods */,
				A9BB30F2D5042FA11EC3AF5B /* Frameworks */,
			);
			sourceTree = "<group>";
		};
		ED0C53DC2A67E4020067C1A7 /* Products */ = {
			isa = PBXGroup;
			children = (
				ED0C53DB2A67E4020067C1A7 /* FireBase Demo.app */,
				ED0C53F12A67E4030067C1A7 /* FireBase DemoTests.xctest */,
				ED0C53FC2A67E4030067C1A7 /* FireBase DemoUITests.xctest */,
			);
			name = Products;
			sourceTree = "<group>";
		};
		ED0C53DD2A67E4020067C1A7 /* FireBase Demo */ = {
			isa = PBXGroup;
			children = (
				ED0C54112A67E4BA0067C1A7 /* Source */,
				EDC0241F2A6AA58400E756F9 /* Resource */,
				ED0C53DE2A67E4020067C1A7 /* AppDelegate.swift */,
				ED0C53E02A67E4020067C1A7 /* SceneDelegate.swift */,
				ED0C53E42A67E4020067C1A7 /* Main.storyboard */,
				ED0C53E72A67E4030067C1A7 /* Assets.xcassets */,
				ED0C53E92A67E4030067C1A7 /* LaunchScreen.storyboard */,
				ED05C1F82A6A8AAF00516259 /* GoogleService-Info.plist */,
				ED0C53EC2A67E4030067C1A7 /* Info.plist */,
			);
			path = "FireBase Demo";
			sourceTree = "<group>";
		};
		ED0C53F42A67E4030067C1A7 /* FireBase DemoTests */ = {
			isa = PBXGroup;
			children = (
				ED0C53F52A67E4030067C1A7 /* FireBase_DemoTests.swift */,
				ED0C53F72A67E4030067C1A7 /* Info.plist */,
			);
			path = "FireBase DemoTests";
			sourceTree = "<group>";
		};
		ED0C53FF2A67E4030067C1A7 /* FireBase DemoUITests */ = {
			isa = PBXGroup;
			children = (
				ED0C54002A67E4030067C1A7 /* FireBase_DemoUITests.swift */,
				ED0C54022A67E4030067C1A7 /* Info.plist */,
			);
			path = "FireBase DemoUITests";
			sourceTree = "<group>";
		};
		ED0C54112A67E4BA0067C1A7 /* Source */ = {
			isa = PBXGroup;
			children = (
				ED0C54122A67E4C10067C1A7 /* Model */,
				ED0C54182A67E4E50067C1A7 /* View Model */,
				ED0C54392A67E59F0067C1A7 /* View */,
				EDB6CDE22A68FE9000B9BF47 /* File.swift */,
			);
			path = Source;
			sourceTree = "<group>";
		};
		ED0C54122A67E4C10067C1A7 /* Model */ = {
			isa = PBXGroup;
			children = (
				ED0C54132A67E4CF0067C1A7 /* Constants.swift */,
				ED6161792A6A44F300C27563 /* DataModel.swift */,
			);
			path = Model;
			sourceTree = "<group>";
		};
		ED0C54182A67E4E50067C1A7 /* View Model */ = {
			isa = PBXGroup;
			children = (
				ED0C54192A67E4F90067C1A7 /* View Model.swift */,
			);
			path = "View Model";
			sourceTree = "<group>";
		};
		ED0C54392A67E59F0067C1A7 /* View */ = {
			isa = PBXGroup;
			children = (
				ED0C53E22A67E4020067C1A7 /* ViewController.swift */,
				ED05C1F02A6A84DF00516259 /* HomeScreenViewController.swift */,
				ED384B332A67E64C0003A9BC /* MapViewController.swift */,
				ED384B382A67E6730003A9BC /* SignInViewController.swift */,
				ED384B3D2A67E6A30003A9BC /* UserListViewController.swift */,
				ED384B422A67E6B70003A9BC /* UserListCell */,
				ED384B4E2A67E77A0003A9BC /* UserDetailsViewController.swift */,
			);
			path = View;
			sourceTree = "<group>";
		};
		ED384B422A67E6B70003A9BC /* UserListCell */ = {
			isa = PBXGroup;
			children = (
				ED384B442A67E6DC0003A9BC /* UserListTableViewCell.swift */,
				ED384B452A67E6DC0003A9BC /* UserListTableViewCell.xib */,
			);
			path = UserListCell;
			sourceTree = "<group>";
		};
		EDC0241F2A6AA58400E756F9 /* Resource */ = {
			isa = PBXGroup;
			children = (
				EDC024202A6AA5B800E756F9 /* Extention.swift */,
			);
			path = Resource;
			sourceTree = "<group>";
		};
/* End PBXGroup section */

/* Begin PBXNativeTarget section */
		ED0C53DA2A67E4020067C1A7 /* FireBase Demo */ = {
			isa = PBXNativeTarget;
			buildConfigurationList = ED0C54052A67E4030067C1A7 /* Build configuration list for PBXNativeTarget "FireBase Demo" */;
			buildPhases = (
				CDBB867F26EB5AEF84A9E902 /* [CP] Check Pods Manifest.lock */,
				ED0C53D72A67E4020067C1A7 /* Sources */,
				ED0C53D82A67E4020067C1A7 /* Frameworks */,
				ED0C53D92A67E4020067C1A7 /* Resources */,
				9386363EDE5786FBD45AE634 /* [CP] Embed Pods Frameworks */,
				1E161CC0792923B4CF63A002 /* [CP] Copy Pods Resources */,
			);
			buildRules = (
			);
			dependencies = (
			);
			name = "FireBase Demo";
			productName = "FireBase Demo";
			productReference = ED0C53DB2A67E4020067C1A7 /* FireBase Demo.app */;
			productType = "com.apple.product-type.application";
		};
		ED0C53F02A67E4030067C1A7 /* FireBase DemoTests */ = {
			isa = PBXNativeTarget;
			buildConfigurationList = ED0C54082A67E4030067C1A7 /* Build configuration list for PBXNativeTarget "FireBase DemoTests" */;
			buildPhases = (
				1542A567E087A9940AF9EA17 /* [CP] Check Pods Manifest.lock */,
				ED0C53ED2A67E4030067C1A7 /* Sources */,
				ED0C53EE2A67E4030067C1A7 /* Frameworks */,
				ED0C53EF2A67E4030067C1A7 /* Resources */,
			);
			buildRules = (
			);
			dependencies = (
				ED0C53F32A67E4030067C1A7 /* PBXTargetDependency */,
			);
			name = "FireBase DemoTests";
			productName = "FireBase DemoTests";
			productReference = ED0C53F12A67E4030067C1A7 /* FireBase DemoTests.xctest */;
			productType = "com.apple.product-type.bundle.unit-test";
		};
		ED0C53FB2A67E4030067C1A7 /* FireBase DemoUITests */ = {
			isa = PBXNativeTarget;
			buildConfigurationList = ED0C540B2A67E4030067C1A7 /* Build configuration list for PBXNativeTarget "FireBase DemoUITests" */;
			buildPhases = (
				8463700D594F60757E71A7FB /* [CP] Check Pods Manifest.lock */,
				ED0C53F82A67E4030067C1A7 /* Sources */,
				ED0C53F92A67E4030067C1A7 /* Frameworks */,
				ED0C53FA2A67E4030067C1A7 /* Resources */,
				4BD32C76535DBF34E833A853 /* [CP] Embed Pods Frameworks */,
				E1FA03E6C9E798C7D13CCF74 /* [CP] Copy Pods Resources */,
			);
			buildRules = (
			);
			dependencies = (
				ED0C53FE2A67E4030067C1A7 /* PBXTargetDependency */,
			);
			name = "FireBase DemoUITests";
			productName = "FireBase DemoUITests";
			productReference = ED0C53FC2A67E4030067C1A7 /* FireBase DemoUITests.xctest */;
			productType = "com.apple.product-type.bundle.ui-testing";
		};
/* End PBXNativeTarget section */

/* Begin PBXProject section */
		ED0C53D32A67E4020067C1A7 /* Project object */ = {
			isa = PBXProject;
			attributes = {
				LastSwiftUpdateCheck = 1240;
				LastUpgradeCheck = 1240;
				TargetAttributes = {
					ED0C53DA2A67E4020067C1A7 = {
						CreatedOnToolsVersion = 12.4;
					};
					ED0C53F02A67E4030067C1A7 = {
						CreatedOnToolsVersion = 12.4;
						TestTargetID = ED0C53DA2A67E4020067C1A7;
					};
					ED0C53FB2A67E4030067C1A7 = {
						CreatedOnToolsVersion = 12.4;
						TestTargetID = ED0C53DA2A67E4020067C1A7;
					};
				};
			};
			buildConfigurationList = ED0C53D62A67E4020067C1A7 /* Build configuration list for PBXProject "FireBase Demo" */;
			compatibilityVersion = "Xcode 9.3";
			developmentRegion = en;
			hasScannedForEncodings = 0;
			knownRegions = (
				en,
				Base,
			);
			mainGroup = ED0C53D22A67E4020067C1A7;
			productRefGroup = ED0C53DC2A67E4020067C1A7 /* Products */;
			projectDirPath = "";
			projectRoot = "";
			targets = (
				ED0C53DA2A67E4020067C1A7 /* FireBase Demo */,
				ED0C53F02A67E4030067C1A7 /* FireBase DemoTests */,
				ED0C53FB2A67E4030067C1A7 /* FireBase DemoUITests */,
			);
		};
/* End PBXProject section */

/* Begin PBXResourcesBuildPhase section */
		ED0C53D92A67E4020067C1A7 /* Resources */ = {
			isa = PBXResourcesBuildPhase;
			buildActionMask = 2147483647;
			files = (
				ED384B472A67E6DC0003A9BC /* UserListTableViewCell.xib in Resources */,
				ED0C53EB2A67E4030067C1A7 /* LaunchScreen.storyboard in Resources */,
				ED05C1F92A6A8AAF00516259 /* GoogleService-Info.plist in Resources */,
				ED0C53E82A67E4030067C1A7 /* Assets.xcassets in Resources */,
				ED0C53E62A67E4020067C1A7 /* Main.storyboard in Resources */,
			);
			runOnlyForDeploymentPostprocessing = 0;
		};
		ED0C53EF2A67E4030067C1A7 /* Resources */ = {
			isa = PBXResourcesBuildPhase;
			buildActionMask = 2147483647;
			files = (
			);
			runOnlyForDeploymentPostprocessing = 0;
		};
		ED0C53FA2A67E4030067C1A7 /* Resources */ = {
			isa = PBXResourcesBuildPhase;
			buildActionMask = 2147483647;
			files = (
			);
			runOnlyForDeploymentPostprocessing = 0;
		};
/* End PBXResourcesBuildPhase section */

/* Begin PBXShellScriptBuildPhase section */
		1542A567E087A9940AF9EA17 /* [CP] Check Pods Manifest.lock */ = {
			isa = PBXShellScriptBuildPhase;
			buildActionMask = 2147483647;
			files = (
			);
			inputFileListPaths = (
			);
			inputPaths = (
				"${PODS_PODFILE_DIR_PATH}/Podfile.lock",
				"${PODS_ROOT}/Manifest.lock",
			);
			name = "[CP] Check Pods Manifest.lock";
			outputFileListPaths = (
			);
			outputPaths = (
				"$(DERIVED_FILE_DIR)/Pods-FireBase DemoTests-checkManifestLockResult.txt",
			);
			runOnlyForDeploymentPostprocessing = 0;
			shellPath = /bin/sh;
			shellScript = "diff \"${PODS_PODFILE_DIR_PATH}/Podfile.lock\" \"${PODS_ROOT}/Manifest.lock\" > /dev/null\nif [ $? != 0 ] ; then\n    # print error to STDERR\n    echo \"error: The sandbox is not in sync with the Podfile.lock. Run 'pod install' or update your CocoaPods installation.\" >&2\n    exit 1\nfi\n# This output is used by Xcode 'outputs' to avoid re-running this script phase.\necho \"SUCCESS\" > \"${SCRIPT_OUTPUT_FILE_0}\"\n";
			showEnvVarsInLog = 0;
		};
		1E161CC0792923B4CF63A002 /* [CP] Copy Pods Resources */ = {
			isa = PBXShellScriptBuildPhase;
			buildActionMask = 2147483647;
			files = (
			);
			inputFileListPaths = (
				"${PODS_ROOT}/Target Support Files/Pods-FireBase Demo/Pods-FireBase Demo-resources-${CONFIGURATION}-input-files.xcfilelist",
			);
			name = "[CP] Copy Pods Resources";
			outputFileListPaths = (
				"${PODS_ROOT}/Target Support Files/Pods-FireBase Demo/Pods-FireBase Demo-resources-${CONFIGURATION}-output-files.xcfilelist",
			);
			runOnlyForDeploymentPostprocessing = 0;
			shellPath = /bin/sh;
			shellScript = "\"${PODS_ROOT}/Target Support Files/Pods-FireBase Demo/Pods-FireBase Demo-resources.sh\"\n";
			showEnvVarsInLog = 0;
		};
		4BD32C76535DBF34E833A853 /* [CP] Embed Pods Frameworks */ = {
			isa = PBXShellScriptBuildPhase;
			buildActionMask = 2147483647;
			files = (
			);
			inputFileListPaths = (
				"${PODS_ROOT}/Target Support Files/Pods-FireBase Demo-FireBase DemoUITests/Pods-FireBase Demo-FireBase DemoUITests-frameworks-${CONFIGURATION}-input-files.xcfilelist",
			);
			name = "[CP] Embed Pods Frameworks";
			outputFileListPaths = (
				"${PODS_ROOT}/Target Support Files/Pods-FireBase Demo-FireBase DemoUITests/Pods-FireBase Demo-FireBase DemoUITests-frameworks-${CONFIGURATION}-output-files.xcfilelist",
			);
			runOnlyForDeploymentPostprocessing = 0;
			shellPath = /bin/sh;
			shellScript = "\"${PODS_ROOT}/Target Support Files/Pods-FireBase Demo-FireBase DemoUITests/Pods-FireBase Demo-FireBase DemoUITests-frameworks.sh\"\n";
			showEnvVarsInLog = 0;
		};
		8463700D594F60757E71A7FB /* [CP] Check Pods Manifest.lock */ = {
			isa = PBXShellScriptBuildPhase;
			buildActionMask = 2147483647;
			files = (
			);
			inputFileListPaths = (
			);
			inputPaths = (
				"${PODS_PODFILE_DIR_PATH}/Podfile.lock",
				"${PODS_ROOT}/Manifest.lock",
			);
			name = "[CP] Check Pods Manifest.lock";
			outputFileListPaths = (
			);
			outputPaths = (
				"$(DERIVED_FILE_DIR)/Pods-FireBase Demo-FireBase DemoUITests-checkManifestLockResult.txt",
			);
			runOnlyForDeploymentPostprocessing = 0;
			shellPath = /bin/sh;
			shellScript = "diff \"${PODS_PODFILE_DIR_PATH}/Podfile.lock\" \"${PODS_ROOT}/Manifest.lock\" > /dev/null\nif [ $? != 0 ] ; then\n    # print error to STDERR\n    echo \"error: The sandbox is not in sync with the Podfile.lock. Run 'pod install' or update your CocoaPods installation.\" >&2\n    exit 1\nfi\n# This output is used by Xcode 'outputs' to avoid re-running this script phase.\necho \"SUCCESS\" > \"${SCRIPT_OUTPUT_FILE_0}\"\n";
			showEnvVarsInLog = 0;
		};
		9386363EDE5786FBD45AE634 /* [CP] Embed Pods Frameworks */ = {
			isa = PBXShellScriptBuildPhase;
			buildActionMask = 2147483647;
			files = (
			);
			inputFileListPaths = (
				"${PODS_ROOT}/Target Support Files/Pods-FireBase Demo/Pods-FireBase Demo-frameworks-${CONFIGURATION}-input-files.xcfilelist",
			);
			name = "[CP] Embed Pods Frameworks";
			outputFileListPaths = (
				"${PODS_ROOT}/Target Support Files/Pods-FireBase Demo/Pods-FireBase Demo-frameworks-${CONFIGURATION}-output-files.xcfilelist",
			);
			runOnlyForDeploymentPostprocessing = 0;
			shellPath = /bin/sh;
			shellScript = "\"${PODS_ROOT}/Target Support Files/Pods-FireBase Demo/Pods-FireBase Demo-frameworks.sh\"\n";
			showEnvVarsInLog = 0;
		};
		CDBB867F26EB5AEF84A9E902 /* [CP] Check Pods Manifest.lock */ = {
			isa = PBXShellScriptBuildPhase;
			buildActionMask = 2147483647;
			files = (
			);
			inputFileListPaths = (
			);
			inputPaths = (
				"${PODS_PODFILE_DIR_PATH}/Podfile.lock",
				"${PODS_ROOT}/Manifest.lock",
			);
			name = "[CP] Check Pods Manifest.lock";
			outputFileListPaths = (
			);
			outputPaths = (
				"$(DERIVED_FILE_DIR)/Pods-FireBase Demo-checkManifestLockResult.txt",
			);
			runOnlyForDeploymentPostprocessing = 0;
			shellPath = /bin/sh;
			shellScript = "diff \"${PODS_PODFILE_DIR_PATH}/Podfile.lock\" \"${PODS_ROOT}/Manifest.lock\" > /dev/null\nif [ $? != 0 ] ; then\n    # print error to STDERR\n    echo \"error: The sandbox is not in sync with the Podfile.lock. Run 'pod install' or update your CocoaPods installation.\" >&2\n    exit 1\nfi\n# This output is used by Xcode 'outputs' to avoid re-running this script phase.\necho \"SUCCESS\" > \"${SCRIPT_OUTPUT_FILE_0}\"\n";
			showEnvVarsInLog = 0;
		};
		E1FA03E6C9E798C7D13CCF74 /* [CP] Copy Pods Resources */ = {
			isa = PBXShellScriptBuildPhase;
			buildActionMask = 2147483647;
			files = (
			);
			inputFileListPaths = (
				"${PODS_ROOT}/Target Support Files/Pods-FireBase Demo-FireBase DemoUITests/Pods-FireBase Demo-FireBase DemoUITests-resources-${CONFIGURATION}-input-files.xcfilelist",
			);
			name = "[CP] Copy Pods Resources";
			outputFileListPaths = (
				"${PODS_ROOT}/Target Support Files/Pods-FireBase Demo-FireBase DemoUITests/Pods-FireBase Demo-FireBase DemoUITests-resources-${CONFIGURATION}-output-files.xcfilelist",
			);
			runOnlyForDeploymentPostprocessing = 0;
			shellPath = /bin/sh;
			shellScript = "\"${PODS_ROOT}/Target Support Files/Pods-FireBase Demo-FireBase DemoUITests/Pods-FireBase Demo-FireBase DemoUITests-resources.sh\"\n";
			showEnvVarsInLog = 0;
		};
/* End PBXShellScriptBuildPhase section */

/* Begin PBXSourcesBuildPhase section */
		ED0C53D72A67E4020067C1A7 /* Sources */ = {
			isa = PBXSourcesBuildPhase;
			buildActionMask = 2147483647;
			files = (
				ED384B4F2A67E77A0003A9BC /* UserDetailsViewController.swift in Sources */,
				EDB6CDE32A68FE9000B9BF47 /* File.swift in Sources */,
				ED0C53E32A67E4020067C1A7 /* ViewController.swift in Sources */,
				ED384B462A67E6DC0003A9BC /* UserListTableViewCell.swift in Sources */,
				ED05C1F12A6A84DF00516259 /* HomeScreenViewController.swift in Sources */,
				ED384B3E2A67E6A30003A9BC /* UserListViewController.swift in Sources */,
				EDC024212A6AA5B800E756F9 /* Extention.swift in Sources */,
				ED384B392A67E6730003A9BC /* SignInViewController.swift in Sources */,
				ED61617A2A6A44F300C27563 /* DataModel.swift in Sources */,
				ED384B342A67E64C0003A9BC /* MapViewController.swift in Sources */,
				ED0C53DF2A67E4020067C1A7 /* AppDelegate.swift in Sources */,
				ED0C541A2A67E4F90067C1A7 /* View Model.swift in Sources */,
				ED0C53E12A67E4020067C1A7 /* SceneDelegate.swift in Sources */,
				ED0C54142A67E4CF0067C1A7 /* Constants.swift in Sources */,
			);
			runOnlyForDeploymentPostprocessing = 0;
		};
		ED0C53ED2A67E4030067C1A7 /* Sources */ = {
			isa = PBXSourcesBuildPhase;
			buildActionMask = 2147483647;
			files = (
				ED0C53F62A67E4030067C1A7 /* FireBase_DemoTests.swift in Sources */,
			);
			runOnlyForDeploymentPostprocessing = 0;
		};
		ED0C53F82A67E4030067C1A7 /* Sources */ = {
			isa = PBXSourcesBuildPhase;
			buildActionMask = 2147483647;
			files = (
				ED0C54012A67E4030067C1A7 /* FireBase_DemoUITests.swift in Sources */,
			);
			runOnlyForDeploymentPostprocessing = 0;
		};
/* End PBXSourcesBuildPhase section */

/* Begin PBXTargetDependency section */
		ED0C53F32A67E4030067C1A7 /* PBXTargetDependency */ = {
			isa = PBXTargetDependency;
			target = ED0C53DA2A67E4020067C1A7 /* FireBase Demo */;
			targetProxy = ED0C53F22A67E4030067C1A7 /* PBXContainerItemProxy */;
		};
		ED0C53FE2A67E4030067C1A7 /* PBXTargetDependency */ = {
			isa = PBXTargetDependency;
			target = ED0C53DA2A67E4020067C1A7 /* FireBase Demo */;
			targetProxy = ED0C53FD2A67E4030067C1A7 /* PBXContainerItemProxy */;
		};
/* End PBXTargetDependency section */

/* Begin PBXVariantGroup section */
		ED0C53E42A67E4020067C1A7 /* Main.storyboard */ = {
			isa = PBXVariantGroup;
			children = (
				ED0C53E52A67E4020067C1A7 /* Base */,
			);
			name = Main.storyboard;
			sourceTree = "<group>";
		};
		ED0C53E92A67E4030067C1A7 /* LaunchScreen.storyboard */ = {
			isa = PBXVariantGroup;
			children = (
				ED0C53EA2A67E4030067C1A7 /* Base */,
			);
			name = LaunchScreen.storyboard;
			sourceTree = "<group>";
		};
/* End PBXVariantGroup section */

/* Begin XCBuildConfiguration section */
		ED0C54032A67E4030067C1A7 /* Debug */ = {
			isa = XCBuildConfiguration;
			buildSettings = {
				ALWAYS_SEARCH_USER_PATHS = NO;
				CLANG_ANALYZER_NONNULL = YES;
				CLANG_ANALYZER_NUMBER_OBJECT_CONVERSION = YES_AGGRESSIVE;
				CLANG_CXX_LANGUAGE_STANDARD = "gnu++14";
				CLANG_CXX_LIBRARY = "libc++";
				CLANG_ENABLE_MODULES = YES;
				CLANG_ENABLE_OBJC_ARC = YES;
				CLANG_ENABLE_OBJC_WEAK = YES;
				CLANG_WARN_BLOCK_CAPTURE_AUTORELEASING = YES;
				CLANG_WARN_BOOL_CONVERSION = YES;
				CLANG_WARN_COMMA = YES;
				CLANG_WARN_CONSTANT_CONVERSION = YES;
				CLANG_WARN_DEPRECATED_OBJC_IMPLEMENTATIONS = YES;
				CLANG_WARN_DIRECT_OBJC_ISA_USAGE = YES_ERROR;
				CLANG_WARN_DOCUMENTATION_COMMENTS = YES;
				CLANG_WARN_EMPTY_BODY = YES;
				CLANG_WARN_ENUM_CONVERSION = YES;
				CLANG_WARN_INFINITE_RECURSION = YES;
				CLANG_WARN_INT_CONVERSION = YES;
				CLANG_WARN_NON_LITERAL_NULL_CONVERSION = YES;
				CLANG_WARN_OBJC_IMPLICIT_RETAIN_SELF = YES;
				CLANG_WARN_OBJC_LITERAL_CONVERSION = YES;
				CLANG_WARN_OBJC_ROOT_CLASS = YES_ERROR;
				CLANG_WARN_QUOTED_INCLUDE_IN_FRAMEWORK_HEADER = YES;
				CLANG_WARN_RANGE_LOOP_ANALYSIS = YES;
				CLANG_WARN_STRICT_PROTOTYPES = YES;
				CLANG_WARN_SUSPICIOUS_MOVE = YES;
				CLANG_WARN_UNGUARDED_AVAILABILITY = YES_AGGRESSIVE;
				CLANG_WARN_UNREACHABLE_CODE = YES;
				CLANG_WARN__DUPLICATE_METHOD_MATCH = YES;
				COPY_PHASE_STRIP = NO;
				DEBUG_INFORMATION_FORMAT = dwarf;
				ENABLE_STRICT_OBJC_MSGSEND = YES;
				ENABLE_TESTABILITY = YES;
				GCC_C_LANGUAGE_STANDARD = gnu11;
				GCC_DYNAMIC_NO_PIC = NO;
				GCC_NO_COMMON_BLOCKS = YES;
				GCC_OPTIMIZATION_LEVEL = 0;
				GCC_PREPROCESSOR_DEFINITIONS = (
					"DEBUG=1",
					"$(inherited)",
				);
				GCC_WARN_64_TO_32_BIT_CONVERSION = YES;
				GCC_WARN_ABOUT_RETURN_TYPE = YES_ERROR;
				GCC_WARN_UNDECLARED_SELECTOR = YES;
				GCC_WARN_UNINITIALIZED_AUTOS = YES_AGGRESSIVE;
				GCC_WARN_UNUSED_FUNCTION = YES;
				GCC_WARN_UNUSED_VARIABLE = YES;
				IPHONEOS_DEPLOYMENT_TARGET = 14.4;
				MTL_ENABLE_DEBUG_INFO = INCLUDE_SOURCE;
				MTL_FAST_MATH = YES;
				ONLY_ACTIVE_ARCH = YES;
				SDKROOT = iphoneos;
				SWIFT_ACTIVE_COMPILATION_CONDITIONS = DEBUG;
				SWIFT_OPTIMIZATION_LEVEL = "-Onone";
			};
			name = Debug;
		};
		ED0C54042A67E4030067C1A7 /* Release */ = {
			isa = XCBuildConfiguration;
			buildSettings = {
				ALWAYS_SEARCH_USER_PATHS = NO;
				CLANG_ANALYZER_NONNULL = YES;
				CLANG_ANALYZER_NUMBER_OBJECT_CONVERSION = YES_AGGRESSIVE;
				CLANG_CXX_LANGUAGE_STANDARD = "gnu++14";
				CLANG_CXX_LIBRARY = "libc++";
				CLANG_ENABLE_MODULES = YES;
				CLANG_ENABLE_OBJC_ARC = YES;
				CLANG_ENABLE_OBJC_WEAK = YES;
				CLANG_WARN_BLOCK_CAPTURE_AUTORELEASING = YES;
				CLANG_WARN_BOOL_CONVERSION = YES;
				CLANG_WARN_COMMA = YES;
				CLANG_WARN_CONSTANT_CONVERSION = YES;
				CLANG_WARN_DEPRECATED_OBJC_IMPLEMENTATIONS = YES;
				CLANG_WARN_DIRECT_OBJC_ISA_USAGE = YES_ERROR;
				CLANG_WARN_DOCUMENTATION_COMMENTS = YES;
				CLANG_WARN_EMPTY_BODY = YES;
				CLANG_WARN_ENUM_CONVERSION = YES;
				CLANG_WARN_INFINITE_RECURSION = YES;
				CLANG_WARN_INT_CONVERSION = YES;
				CLANG_WARN_NON_LITERAL_NULL_CONVERSION = YES;
				CLANG_WARN_OBJC_IMPLICIT_RETAIN_SELF = YES;
				CLANG_WARN_OBJC_LITERAL_CONVERSION = YES;
				CLANG_WARN_OBJC_ROOT_CLASS = YES_ERROR;
				CLANG_WARN_QUOTED_INCLUDE_IN_FRAMEWORK_HEADER = YES;
				CLANG_WARN_RANGE_LOOP_ANALYSIS = YES;
				CLANG_WARN_STRICT_PROTOTYPES = YES;
				CLANG_WARN_SUSPICIOUS_MOVE = YES;
				CLANG_WARN_UNGUARDED_AVAILABILITY = YES_AGGRESSIVE;
				CLANG_WARN_UNREACHABLE_CODE = YES;
				CLANG_WARN__DUPLICATE_METHOD_MATCH = YES;
				COPY_PHASE_STRIP = NO;
				DEBUG_INFORMATION_FORMAT = "dwarf-with-dsym";
				ENABLE_NS_ASSERTIONS = NO;
				ENABLE_STRICT_OBJC_MSGSEND = YES;
				GCC_C_LANGUAGE_STANDARD = gnu11;
				GCC_NO_COMMON_BLOCKS = YES;
				GCC_WARN_64_TO_32_BIT_CONVERSION = YES;
				GCC_WARN_ABOUT_RETURN_TYPE = YES_ERROR;
				GCC_WARN_UNDECLARED_SELECTOR = YES;
				GCC_WARN_UNINITIALIZED_AUTOS = YES_AGGRESSIVE;
				GCC_WARN_UNUSED_FUNCTION = YES;
				GCC_WARN_UNUSED_VARIABLE = YES;
				IPHONEOS_DEPLOYMENT_TARGET = 14.4;
				MTL_ENABLE_DEBUG_INFO = NO;
				MTL_FAST_MATH = YES;
				SDKROOT = iphoneos;
				SWIFT_COMPILATION_MODE = wholemodule;
				SWIFT_OPTIMIZATION_LEVEL = "-O";
				VALIDATE_PRODUCT = YES;
			};
			name = Release;
		};
		ED0C54062A67E4030067C1A7 /* Debug */ = {
			isa = XCBuildConfiguration;
			baseConfigurationReference = 1BE5AC809EA3905377CB28CD /* Pods-FireBase Demo.debug.xcconfig */;
			buildSettings = {
				ASSETCATALOG_COMPILER_APPICON_NAME = AppIcon;
				ASSETCATALOG_COMPILER_GLOBAL_ACCENT_COLOR_NAME = AccentColor;
				CODE_SIGN_STYLE = Automatic;
				INFOPLIST_FILE = "FireBase Demo/Info.plist";
				LD_RUNPATH_SEARCH_PATHS = (
					"$(inherited)",
					"@executable_path/Frameworks",
				);
				PRODUCT_BUNDLE_IDENTIFIER = "com.sampleapp.FireBase-Demo";
				PRODUCT_NAME = "$(TARGET_NAME)";
				SWIFT_VERSION = 5.0;
				TARGETED_DEVICE_FAMILY = "1,2";
			};
			name = Debug;
		};
		ED0C54072A67E4030067C1A7 /* Release */ = {
			isa = XCBuildConfiguration;
			baseConfigurationReference = 68CE48D751E567A8E608979D /* Pods-FireBase Demo.release.xcconfig */;
			buildSettings = {
				ASSETCATALOG_COMPILER_APPICON_NAME = AppIcon;
				ASSETCATALOG_COMPILER_GLOBAL_ACCENT_COLOR_NAME = AccentColor;
				CODE_SIGN_STYLE = Automatic;
				INFOPLIST_FILE = "FireBase Demo/Info.plist";
				LD_RUNPATH_SEARCH_PATHS = (
					"$(inherited)",
					"@executable_path/Frameworks",
				);
				PRODUCT_BUNDLE_IDENTIFIER = "com.sampleapp.FireBase-Demo";
				PRODUCT_NAME = "$(TARGET_NAME)";
				SWIFT_VERSION = 5.0;
				TARGETED_DEVICE_FAMILY = "1,2";
			};
			name = Release;
		};
		ED0C54092A67E4030067C1A7 /* Debug */ = {
			isa = XCBuildConfiguration;
			baseConfigurationReference = 530AB13643D339929E1AEF31 /* Pods-FireBase DemoTests.debug.xcconfig */;
			buildSettings = {
				ALWAYS_EMBED_SWIFT_STANDARD_LIBRARIES = YES;
				BUNDLE_LOADER = "$(TEST_HOST)";
				CODE_SIGN_STYLE = Automatic;
				INFOPLIST_FILE = "FireBase DemoTests/Info.plist";
				IPHONEOS_DEPLOYMENT_TARGET = 14.4;
				LD_RUNPATH_SEARCH_PATHS = (
					"$(inherited)",
					"@executable_path/Frameworks",
					"@loader_path/Frameworks",
				);
				PRODUCT_BUNDLE_IDENTIFIER = "com.sampleapp.FireBase-DemoTests";
				PRODUCT_NAME = "$(TARGET_NAME)";
				SWIFT_VERSION = 5.0;
				TARGETED_DEVICE_FAMILY = "1,2";
				TEST_HOST = "$(BUILT_PRODUCTS_DIR)/FireBase Demo.app/FireBase Demo";
			};
			name = Debug;
		};
		ED0C540A2A67E4030067C1A7 /* Release */ = {
			isa = XCBuildConfiguration;
			baseConfigurationReference = 2BA20CD5860A1CCD85874BCE /* Pods-FireBase DemoTests.release.xcconfig */;
			buildSettings = {
				ALWAYS_EMBED_SWIFT_STANDARD_LIBRARIES = YES;
				BUNDLE_LOADER = "$(TEST_HOST)";
				CODE_SIGN_STYLE = Automatic;
				INFOPLIST_FILE = "FireBase DemoTests/Info.plist";
				IPHONEOS_DEPLOYMENT_TARGET = 14.4;
				LD_RUNPATH_SEARCH_PATHS = (
					"$(inherited)",
					"@executable_path/Frameworks",
					"@loader_path/Frameworks",
				);
				PRODUCT_BUNDLE_IDENTIFIER = "com.sampleapp.FireBase-DemoTests";
				PRODUCT_NAME = "$(TARGET_NAME)";
				SWIFT_VERSION = 5.0;
				TARGETED_DEVICE_FAMILY = "1,2";
				TEST_HOST = "$(BUILT_PRODUCTS_DIR)/FireBase Demo.app/FireBase Demo";
			};
			name = Release;
		};
		ED0C540C2A67E4030067C1A7 /* Debug */ = {
			isa = XCBuildConfiguration;
			baseConfigurationReference = 0350725821CCC9A9146432FF /* Pods-FireBase Demo-FireBase DemoUITests.debug.xcconfig */;
			buildSettings = {
				ALWAYS_EMBED_SWIFT_STANDARD_LIBRARIES = YES;
				CODE_SIGN_STYLE = Automatic;
				INFOPLIST_FILE = "FireBase DemoUITests/Info.plist";
				LD_RUNPATH_SEARCH_PATHS = (
					"$(inherited)",
					"@executable_path/Frameworks",
					"@loader_path/Frameworks",
				);
				PRODUCT_BUNDLE_IDENTIFIER = "com.sampleapp.FireBase-DemoUITests";
				PRODUCT_NAME = "$(TARGET_NAME)";
				SWIFT_VERSION = 5.0;
				TARGETED_DEVICE_FAMILY = "1,2";
				TEST_TARGET_NAME = "FireBase Demo";
			};
			name = Debug;
		};
		ED0C540D2A67E4030067C1A7 /* Release */ = {
			isa = XCBuildConfiguration;
			baseConfigurationReference = F54418E28F41ABF3A33B68E1 /* Pods-FireBase Demo-FireBase DemoUITests.release.xcconfig */;
			buildSettings = {
				ALWAYS_EMBED_SWIFT_STANDARD_LIBRARIES = YES;
				CODE_SIGN_STYLE = Automatic;
				INFOPLIST_FILE = "FireBase DemoUITests/Info.plist";
				LD_RUNPATH_SEARCH_PATHS = (
					"$(inherited)",
					"@executable_path/Frameworks",
					"@loader_path/Frameworks",
				);
				PRODUCT_BUNDLE_IDENTIFIER = "com.sampleapp.FireBase-DemoUITests";
				PRODUCT_NAME = "$(TARGET_NAME)";
				SWIFT_VERSION = 5.0;
				TARGETED_DEVICE_FAMILY = "1,2";
				TEST_TARGET_NAME = "FireBase Demo";
			};
			name = Release;
		};
/* End XCBuildConfiguration section */

/* Begin XCConfigurationList section */
		ED0C53D62A67E4020067C1A7 /* Build configuration list for PBXProject "FireBase Demo" */ = {
			isa = XCConfigurationList;
			buildConfigurations = (
				ED0C54032A67E4030067C1A7 /* Debug */,
				ED0C54042A67E4030067C1A7 /* Release */,
			);
			defaultConfigurationIsVisible = 0;
			defaultConfigurationName = Release;
		};
		ED0C54052A67E4030067C1A7 /* Build configuration list for PBXNativeTarget "FireBase Demo" */ = {
			isa = XCConfigurationList;
			buildConfigurations = (
				ED0C54062A67E4030067C1A7 /* Debug */,
				ED0C54072A67E4030067C1A7 /* Release */,
			);
			defaultConfigurationIsVisible = 0;
			defaultConfigurationName = Release;
		};
		ED0C54082A67E4030067C1A7 /* Build configuration list for PBXNativeTarget "FireBase DemoTests" */ = {
			isa = XCConfigurationList;
			buildConfigurations = (
				ED0C54092A67E4030067C1A7 /* Debug */,
				ED0C540A2A67E4030067C1A7 /* Release */,
			);
			defaultConfigurationIsVisible = 0;
			defaultConfigurationName = Release;
		};
		ED0C540B2A67E4030067C1A7 /* Build configuration list for PBXNativeTarget "FireBase DemoUITests" */ = {
			isa = XCConfigurationList;
			buildConfigurations = (
				ED0C540C2A67E4030067C1A7 /* Debug */,
				ED0C540D2A67E4030067C1A7 /* Release */,
			);
			defaultConfigurationIsVisible = 0;
			defaultConfigurationName = Release;
		};
/* End XCConfigurationList section */
	};
	rootObject = ED0C53D32A67E4020067C1A7 /* Project object */;
}
